// !$*UTF8*$!
{
	archiveVersion = 1;
	classes = {
	};
	objectVersion = 56;
	objects = {

/* Begin PBXBuildFile section */
		C144CE7A2C726C5D009D2CFC /* AppDelegate.swift in Sources */ = {isa = PBXBuildFile; fileRef = C144CE792C726C5D009D2CFC /* AppDelegate.swift */; };
		C144CE7C2C726C5D009D2CFC /* SceneDelegate.swift in Sources */ = {isa = PBXBuildFile; fileRef = C144CE7B2C726C5D009D2CFC /* SceneDelegate.swift */; };
		C144CE832C726C5E009D2CFC /* Assets.xcassets in Resources */ = {isa = PBXBuildFile; fileRef = C144CE822C726C5E009D2CFC /* Assets.xcassets */; };
		C144CE862C726C5E009D2CFC /* Base in Resources */ = {isa = PBXBuildFile; fileRef = C144CE852C726C5E009D2CFC /* Base */; };
		C144CE8F2C726CEE009D2CFC /* TextViewController.swift in Sources */ = {isa = PBXBuildFile; fileRef = C144CE8D2C726CEE009D2CFC /* TextViewController.swift */; };
		C144CE902C726CEE009D2CFC /* ViewController.swift in Sources */ = {isa = PBXBuildFile; fileRef = C144CE8E2C726CEE009D2CFC /* ViewController.swift */; };
		C144CE932C726CF9009D2CFC /* Main.storyboard in Resources */ = {isa = PBXBuildFile; fileRef = C144CE912C726CF9009D2CFC /* Main.storyboard */; };
/* End PBXBuildFile section */

/* Begin PBXFileReference section */
		C144CE762C726C5D009D2CFC /* Data Flow Backward - Delegate.app */ = {isa = PBXFileReference; explicitFileType = wrapper.application; includeInIndex = 0; path = "Data Flow Backward - Delegate.app"; sourceTree = BUILT_PRODUCTS_DIR; };
		C144CE792C726C5D009D2CFC /* AppDelegate.swift */ = {isa = PBXFileReference; lastKnownFileType = sourcecode.swift; path = AppDelegate.swift; sourceTree = "<group>"; };
		C144CE7B2C726C5D009D2CFC /* SceneDelegate.swift */ = {isa = PBXFileReference; lastKnownFileType = sourcecode.swift; path = SceneDelegate.swift; sourceTree = "<group>"; };
		C144CE822C726C5E009D2CFC /* Assets.xcassets */ = {isa = PBXFileReference; lastKnownFileType = folder.assetcatalog; path = Assets.xcassets; sourceTree = "<group>"; };
		C144CE852C726C5E009D2CFC /* Base */ = {isa = PBXFileReference; lastKnownFileType = file.storyboard; name = Base; path = Base.lproj/LaunchScreen.storyboard; sourceTree = "<group>"; };
		C144CE872C726C5E009D2CFC /* Info.plist */ = {isa = PBXFileReference; lastKnownFileType = text.plist.xml; path = Info.plist; sourceTree = "<group>"; };
		C144CE8D2C726CEE009D2CFC /* TextViewController.swift */ = {isa = PBXFileReference; fileEncoding = 4; lastKnownFileType = sourcecode.swift; path = TextViewController.swift; sourceTree = "<group>"; };
		C144CE8E2C726CEE009D2CFC /* ViewController.swift */ = {isa = PBXFileReference; fileEncoding = 4; lastKnownFileType = sourcecode.swift; path = ViewController.swift; sourceTree = "<group>"; };
		C144CE922C726CF9009D2CFC /* Base */ = {isa = PBXFileReference; lastKnownFileType = file.storyboard; name = Base; path = "Data Flow Backward - Delegate/Base.lproj/Main.storyboard"; sourceTree = "<group>"; };
/* End PBXFileReference section */

/* Begin PBXFrameworksBuildPhase section */
		C144CE732C726C5D009D2CFC /* Frameworks */ = {
			isa = PBXFrameworksBuildPhase;
			buildActionMask = 2147483647;
			files = (
			);
			runOnlyForDeploymentPostprocessing = 0;
		};
/* End PBXFrameworksBuildPhase section */

/* Begin PBXGroup section */
		C144CE6D2C726C5D009D2CFC = {
			isa = PBXGroup;
			children = (
				C144CE782C726C5D009D2CFC /* Data Flow Backward - Delegate */,
				C144CE772C726C5D009D2CFC /* Products */,
			);
			sourceTree = "<group>";
		};
		C144CE772C726C5D009D2CFC /* Products */ = {
			isa = PBXGroup;
			children = (
				C144CE762C726C5D009D2CFC /* Data Flow Backward - Delegate.app */,
			);
			name = Products;
			sourceTree = "<group>";
		};
		C144CE782C726C5D009D2CFC /* Data Flow Backward - Delegate */ = {
			isa = PBXGroup;
			children = (
				C144CE792C726C5D009D2CFC /* AppDelegate.swift */,
				C144CE7B2C726C5D009D2CFC /* SceneDelegate.swift */,
				C144CE8D2C726CEE009D2CFC /* TextViewController.swift */,
				C144CE8E2C726CEE009D2CFC /* ViewController.swift */,
				C144CE822C726C5E009D2CFC /* Assets.xcassets */,
				C144CE912C726CF9009D2CFC /* Main.storyboard */,
				C144CE842C726C5E009D2CFC /* LaunchScreen.storyboard */,
				C144CE872C726C5E009D2CFC /* Info.plist */,
			);
			path = "Data Flow Backward - Delegate";
			sourceTree = "<group>";
		};
/* End PBXGroup section */

/* Begin PBXNativeTarget section */
		C144CE752C726C5D009D2CFC /* Data Flow Backward - Delegate */ = {
			isa = PBXNativeTarget;
			buildConfigurationList = C144CE8A2C726C5E009D2CFC /* Build configuration list for PBXNativeTarget "Data Flow Backward - Delegate" */;
			buildPhases = (
				C144CE722C726C5D009D2CFC /* Sources */,
				C144CE732C726C5D009D2CFC /* Frameworks */,
				C144CE742C726C5D009D2CFC /* Resources */,
			);
			buildRules = (
			);
			dependencies = (
			);
			name = "Data Flow Backward - Delegate";
			productName = "Data Flow Backward - Delegate";
			productReference = C144CE762C726C5D009D2CFC /* Data Flow Backward - Delegate.app */;
			productType = "com.apple.product-type.application";
		};
/* End PBXNativeTarget section */

/* Begin PBXProject section */
		C144CE6E2C726C5D009D2CFC /* Project object */ = {
			isa = PBXProject;
			attributes = {
				BuildIndependentTargetsInParallel = 1;
				LastSwiftUpdateCheck = 1540;
				LastUpgradeCheck = 1540;
				TargetAttributes = {
					C144CE752C726C5D009D2CFC = {
						CreatedOnToolsVersion = 15.4;
					};
				};
			};
			buildConfigurationList = C144CE712C726C5D009D2CFC /* Build configuration list for PBXProject "Data Flow Backward - Delegate" */;
			compatibilityVersion = "Xcode 14.0";
			developmentRegion = en;
			hasScannedForEncodings = 0;
			knownRegions = (
				en,
				Base,
			);
			mainGroup = C144CE6D2C726C5D009D2CFC;
			productRefGroup = C144CE772C726C5D009D2CFC /* Products */;
			projectDirPath = "";
			projectRoot = "";
			targets = (
				C144CE752C726C5D009D2CFC /* Data Flow Backward - Delegate */,
			);
		};
/* End PBXProject section */

/* Begin PBXResourcesBuildPhase section */
		C144CE742C726C5D009D2CFC /* Resources */ = {
			isa = PBXResourcesBuildPhase;
			buildActionMask = 2147483647;
			files = (
				C144CE932C726CF9009D2CFC /* Main.storyboard in Resources */,
				C144CE832C726C5E009D2CFC /* Assets.xcassets in Resources */,
				C144CE862C726C5E009D2CFC /* Base in Resources */,
			);
			runOnlyForDeploymentPostprocessing = 0;
		};
/* End PBXResourcesBuildPhase section */

/* Begin PBXSourcesBuildPhase section */
		C144CE722C726C5D009D2CFC /* Sources */ = {
			isa = PBXSourcesBuildPhase;
			buildActionMask = 2147483647;
			files = (
				C144CE7A2C726C5D009D2CFC /* AppDelegate.swift in Sources */,
				C144CE7C2C726C5D009D2CFC /* SceneDelegate.swift in Sources */,
				C144CE902C726CEE009D2CFC /* ViewController.swift in Sources */,
				C144CE8F2C726CEE009D2CFC /* TextViewController.swift in Sources */,
			);
			runOnlyForDeploymentPostprocessing = 0;
		};
/* End PBXSourcesBuildPhase section */

/* Begin PBXVariantGroup section */
		C144CE842C726C5E009D2CFC /* LaunchScreen.storyboard */ = {
			isa = PBXVariantGroup;
			children = (
				C144CE852C726C5E009D2CFC /* Base */,
			);
			name = LaunchScreen.storyboard;
			sourceTree = "<group>";
		};
		C144CE912C726CF9009D2CFC /* Main.storyboard */ = {
			isa = PBXVariantGroup;
			children = (
				C144CE922C726CF9009D2CFC /* Base */,
			);
			name = Main.storyboard;
			sourceTree = "<group>";
		};
/* End PBXVariantGroup section */

/* Begin XCBuildConfiguration section */
		C144CE882C726C5E009D2CFC /* Debug */ = {
			isa = XCBuildConfiguration;
			buildSettings = {
				ALWAYS_SEARCH_USER_PATHS = NO;
				ASSETCATALOG_COMPILER_GENERATE_SWIFT_ASSET_SYMBOL_EXTENSIONS = YES;
				CLANG_ANALYZER_NONNULL = YES;
				CLANG_ANALYZER_NUMBER_OBJECT_CONVERSION = YES_AGGRESSIVE;
				CLANG_CXX_LANGUAGE_STANDARD = "gnu++20";
				CLANG_ENABLE_MODULES = YES;
				CLANG_ENABLE_OBJC_ARC = YES;
				CLANG_ENABLE_OBJC_WEAK = YES;
				CLANG_WARN_BLOCK_CAPTURE_AUTORELEASING = YES;
				CLANG_WARN_BOOL_CONVERSION = YES;
				CLANG_WARN_COMMA = YES;
				CLANG_WARN_CONSTANT_CONVERSION = YES;
				CLANG_WARN_DEPRECATED_OBJC_IMPLEMENTATIONS = YES;
				CLANG_WARN_DIRECT_OBJC_ISA_USAGE = YES_ERROR;
				CLANG_WARN_DOCUMENTATION_COMMENTS = YES;
				CLANG_WARN_EMPTY_BODY = YES;
				CLANG_WARN_ENUM_CONVERSION = YES;
				CLANG_WARN_INFINITE_RECURSION = YES;
				CLANG_WARN_INT_CONVERSION = YES;
				CLANG_WARN_NON_LITERAL_NULL_CONVERSION = YES;
				CLANG_WARN_OBJC_IMPLICIT_RETAIN_SELF = YES;
				CLANG_WARN_OBJC_LITERAL_CONVERSION = YES;
				CLANG_WARN_OBJC_ROOT_CLASS = YES_ERROR;
				CLANG_WARN_QUOTED_INCLUDE_IN_FRAMEWORK_HEADER = YES;
				CLANG_WARN_RANGE_LOOP_ANALYSIS = YES;
				CLANG_WARN_STRICT_PROTOTYPES = YES;
				CLANG_WARN_SUSPICIOUS_MOVE = YES;
				CLANG_WARN_UNGUARDED_AVAILABILITY = YES_AGGRESSIVE;
				CLANG_WARN_UNREACHABLE_CODE = YES;
				CLANG_WARN__DUPLICATE_METHOD_MATCH = YES;
				COPY_PHASE_STRIP = NO;
				DEBUG_INFORMATION_FORMAT = dwarf;
				ENABLE_STRICT_OBJC_MSGSEND = YES;
				ENABLE_TESTABILITY = YES;
				ENABLE_USER_SCRIPT_SANDBOXING = YES;
				GCC_C_LANGUAGE_STANDARD = gnu17;
				GCC_DYNAMIC_NO_PIC = NO;
				GCC_NO_COMMON_BLOCKS = YES;
				GCC_OPTIMIZATION_LEVEL = 0;
				GCC_PREPROCESSOR_DEFINITIONS = (
					"DEBUG=1",
					"$(inherited)",
				);
				GCC_WARN_64_TO_32_BIT_CONVERSION = YES;
				GCC_WARN_ABOUT_RETURN_TYPE = YES_ERROR;
				GCC_WARN_UNDECLARED_SELECTOR = YES;
				GCC_WARN_UNINITIALIZED_AUTOS = YES_AGGRESSIVE;
				GCC_WARN_UNUSED_FUNCTION = YES;
				GCC_WARN_UNUSED_VARIABLE = YES;
				IPHONEOS_DEPLOYMENT_TARGET = 17.5;
				LOCALIZATION_PREFERS_STRING_CATALOGS = YES;
				MTL_ENABLE_DEBUG_INFO = INCLUDE_SOURCE;
				MTL_FAST_MATH = YES;
				ONLY_ACTIVE_ARCH = YES;
				SDKROOT = iphoneos;
				SWIFT_ACTIVE_COMPILATION_CONDITIONS = "DEBUG $(inherited)";
				SWIFT_OPTIMIZATION_LEVEL = "-Onone";
			};
			name = Debug;
		};
		C144CE892C726C5E009D2CFC /* Release */ = {
			isa = XCBuildConfiguration;
			buildSettings = {
				ALWAYS_SEARCH_USER_PATHS = NO;
				ASSETCATALOG_COMPILER_GENERATE_SWIFT_ASSET_SYMBOL_EXTENSIONS = YES;
				CLANG_ANALYZER_NONNULL = YES;
				CLANG_ANALYZER_NUMBER_OBJECT_CONVERSION = YES_AGGRESSIVE;
				CLANG_CXX_LANGUAGE_STANDARD = "gnu++20";
				CLANG_ENABLE_MODULES = YES;
				CLANG_ENABLE_OBJC_ARC = YES;
				CLANG_ENABLE_OBJC_WEAK = YES;
				CLANG_WARN_BLOCK_CAPTURE_AUTORELEASING = YES;
				CLANG_WARN_BOOL_CONVERSION = YES;
				CLANG_WARN_COMMA = YES;
				CLANG_WARN_CONSTANT_CONVERSION = YES;
				CLANG_WARN_DEPRECATED_OBJC_IMPLEMENTATIONS = YES;
				CLANG_WARN_DIRECT_OBJC_ISA_USAGE = YES_ERROR;
				CLANG_WARN_DOCUMENTATION_COMMENTS = YES;
				CLANG_WARN_EMPTY_BODY = YES;
				CLANG_WARN_ENUM_CONVERSION = YES;
				CLANG_WARN_INFINITE_RECURSION = YES;
				CLANG_WARN_INT_CONVERSION = YES;
				CLANG_WARN_NON_LITERAL_NULL_CONVERSION = YES;
				CLANG_WARN_OBJC_IMPLICIT_RETAIN_SELF = YES;
				CLANG_WARN_OBJC_LITERAL_CONVERSION = YES;
				CLANG_WARN_OBJC_ROOT_CLASS = YES_ERROR;
				CLANG_WARN_QUOTED_INCLUDE_IN_FRAMEWORK_HEADER = YES;
				CLANG_WARN_RANGE_LOOP_ANALYSIS = YES;
				CLANG_WARN_STRICT_PROTOTYPES = YES;
				CLANG_WARN_SUSPICIOUS_MOVE = YES;
				CLANG_WARN_UNGUARDED_AVAILABILITY = YES_AGGRESSIVE;
				CLANG_WARN_UNREACHABLE_CODE = YES;
				CLANG_WARN__DUPLICATE_METHOD_MATCH = YES;
				COPY_PHASE_STRIP = NO;
				DEBUG_INFORMATION_FORMAT = "dwarf-with-dsym";
				ENABLE_NS_ASSERTIONS = NO;
				ENABLE_STRICT_OBJC_MSGSEND = YES;
				ENABLE_USER_SCRIPT_SANDBOXING = YES;
				GCC_C_LANGUAGE_STANDARD = gnu17;
				GCC_NO_COMMON_BLOCKS = YES;
				GCC_WARN_64_TO_32_BIT_CONVERSION = YES;
				GCC_WARN_ABOUT_RETURN_TYPE = YES_ERROR;
				GCC_WARN_UNDECLARED_SELECTOR = YES;
				GCC_WARN_UNINITIALIZED_AUTOS = YES_AGGRESSIVE;
				GCC_WARN_UNUSED_FUNCTION = YES;
				GCC_WARN_UNUSED_VARIABLE = YES;
				IPHONEOS_DEPLOYMENT_TARGET = 17.5;
				LOCALIZATION_PREFERS_STRING_CATALOGS = YES;
				MTL_ENABLE_DEBUG_INFO = NO;
				MTL_FAST_MATH = YES;
				SDKROOT = iphoneos;
				SWIFT_COMPILATION_MODE = wholemodule;
				VALIDATE_PRODUCT = YES;
			};
			name = Release;
		};
		C144CE8B2C726C5E009D2CFC /* Debug */ = {
			isa = XCBuildConfiguration;
			buildSettings = {
				ASSETCATALOG_COMPILER_APPICON_NAME = AppIcon;
				ASSETCATALOG_COMPILER_GLOBAL_ACCENT_COLOR_NAME = AccentColor;
				CODE_SIGN_STYLE = Automatic;
				CURRENT_PROJECT_VERSION = 1;
				DEVELOPMENT_TEAM = N7L3GJ6Y8X;
				GENERATE_INFOPLIST_FILE = YES;
				INFOPLIST_FILE = "Data Flow Backward - Delegate/Info.plist";
				INFOPLIST_KEY_CFBundleDisplayName = DataFlowBackward;
				INFOPLIST_KEY_UIApplicationSupportsIndirectInputEvents = YES;
				INFOPLIST_KEY_UILaunchStoryboardName = LaunchScreen;
				INFOPLIST_KEY_UIMainStoryboardFile = Main;
				INFOPLIST_KEY_UISupportedInterfaceOrientations_iPad = "UIInterfaceOrientationPortrait UIInterfaceOrientationPortraitUpsideDown UIInterfaceOrientationLandscapeLeft UIInterfaceOrientationLandscapeRight";
				INFOPLIST_KEY_UISupportedInterfaceOrientations_iPhone = "UIInterfaceOrientationPortrait UIInterfaceOrientationLandscapeLeft UIInterfaceOrientationLandscapeRight";
				IPHONEOS_DEPLOYMENT_TARGET = 16.5;
				LD_RUNPATH_SEARCH_PATHS = (
					"$(inherited)",
					"@executable_path/Frameworks",
				);
				MARKETING_VERSION = 1.0;
				PRODUCT_BUNDLE_IDENTIFIER = "com.zeeshan.Data-Flow-Backward---Delegate";
				PRODUCT_NAME = "$(TARGET_NAME)";
				SWIFT_EMIT_LOC_STRINGS = YES;
				SWIFT_VERSION = 5.0;
				TARGETED_DEVICE_FAMILY = "1,2";
			};
			name = Debug;
		};
		C144CE8C2C726C5E009D2CFC /* Release */ = {
			isa = XCBuildConfiguration;
			buildSettings = {
				ASSETCATALOG_COMPILER_APPICON_NAME = AppIcon;
				ASSETCATALOG_COMPILER_GLOBAL_ACCENT_COLOR_NAME = AccentColor;
				CODE_SIGN_STYLE = Automatic;
				CURRENT_PROJECT_VERSION = 1;
				DEVELOPMENT_TEAM = N7L3GJ6Y8X;
				GENERATE_INFOPLIST_FILE = YES;
				INFOPLIST_FILE = "Data Flow Backward - Delegate/Info.plist";
				INFOPLIST_KEY_CFBundleDisplayName = DataFlowBackward;
				INFOPLIST_KEY_UIApplicationSupportsIndirectInputEvents = YES;
				INFOPLIST_KEY_UILaunchStoryboardName = LaunchScreen;
				INFOPLIST_KEY_UIMainStoryboardFile = Main;
				INFOPLIST_KEY_UISupportedInterfaceOrientations_iPad = "UIInterfaceOrientationPortrait UIInterfaceOrientationPortraitUpsideDown UIInterfaceOrientationLandscapeLeft UIInterfaceOrientationLandscapeRight";
				INFOPLIST_KEY_UISupportedInterfaceOrientations_iPhone = "UIInterfaceOrientationPortrait UIInterfaceOrientationLandscapeLeft UIInterfaceOrientationLandscapeRight";
				IPHONEOS_DEPLOYMENT_TARGET = 16.5;
				LD_RUNPATH_SEARCH_PATHS = (
					"$(inherited)",
					"@executable_path/Frameworks",
				);
				MARKETING_VERSION = 1.0;
				PRODUCT_BUNDLE_IDENTIFIER = "com.zeeshan.Data-Flow-Backward---Delegate";
				PRODUCT_NAME = "$(TARGET_NAME)";
				SWIFT_EMIT_LOC_STRINGS = YES;
				SWIFT_VERSION = 5.0;
				TARGETED_DEVICE_FAMILY = "1,2";
			};
			name = Release;
		};
/* End XCBuildConfiguration section */

/* Begin XCConfigurationList section */
		C144CE712C726C5D009D2CFC /* Build configuration list for PBXProject "Data Flow Backward - Delegate" */ = {
			isa = XCConfigurationList;
			buildConfigurations = (
				C144CE882C726C5E009D2CFC /* Debug */,
				C144CE892C726C5E009D2CFC /* Release */,
			);
			defaultConfigurationIsVisible = 0;
			defaultConfigurationName = Release;
		};
		C144CE8A2C726C5E009D2CFC /* Build configuration list for PBXNativeTarget "Data Flow Backward - Delegate" */ = {
			isa = XCConfigurationList;
			buildConfigurations = (
				C144CE8B2C726C5E009D2CFC /* Debug */,
				C144CE8C2C726C5E009D2CFC /* Release */,
			);
			defaultConfigurationIsVisible = 0;
			defaultConfigurationName = Release;
		};
/* End XCConfigurationList section */
	};
	rootObject = C144CE6E2C726C5D009D2CFC /* Project object */;
}
